// !$*UTF8*$!
{
	archiveVersion = 1;
	classes = {
	};
	objectVersion = 77;
	objects = {

/* Begin PBXBuildFile section */
		F1E1C14C2D71DF240003BADE /* AppDelegate.swift in Sources */ = {isa = PBXBuildFile; fileRef = F1E1C14B2D71DF240003BADE /* AppDelegate.swift */; };
		F1E1C14E2D71DF240003BADE /* SceneDelegate.swift in Sources */ = {isa = PBXBuildFile; fileRef = F1E1C14D2D71DF240003BADE /* SceneDelegate.swift */; };
		F1E1C1512D71DF240003BADE /* LaunchScreen.storyboard in Resources */ = {isa = PBXBuildFile; fileRef = F1E1C14F2D71DF240003BADE /* LaunchScreen.storyboard */; };
		F1E1C1542D71DF240003BADE /* Main.storyboard in Resources */ = {isa = PBXBuildFile; fileRef = F1E1C1522D71DF240003BADE /* Main.storyboard */; };
		F1E1C15D2D71DF240003BADE /* AppDelegate.swift in Sources */ = {isa = PBXBuildFile; fileRef = F1E1C15C2D71DF240003BADE /* AppDelegate.swift */; };
		F1E1C1602D71DF240003BADE /* Main.storyboard in Resources */ = {isa = PBXBuildFile; fileRef = F1E1C15E2D71DF240003BADE /* Main.storyboard */; };
		F1E1C1682D71DF240003BADE /* TUfast-safari Extension.appex in Embed Foundation Extensions */ = {isa = PBXBuildFile; fileRef = F1E1C1672D71DF240003BADE /* TUfast-safari Extension.appex */; settings = {ATTRIBUTES = (RemoveHeadersOnCopy, ); }; };
		F1E1C1722D71DF240003BADE /* TUfast-safari Extension.appex in Embed Foundation Extensions */ = {isa = PBXBuildFile; fileRef = F1E1C1712D71DF240003BADE /* TUfast-safari Extension.appex */; settings = {ATTRIBUTES = (RemoveHeadersOnCopy, ); }; };
		F1E1C1782D71DF240003BADE /* Main.html in Resources */ = {isa = PBXBuildFile; fileRef = F1E1C13B2D71DF230003BADE /* Main.html */; };
		F1E1C1792D71DF240003BADE /* Main.html in Resources */ = {isa = PBXBuildFile; fileRef = F1E1C13B2D71DF230003BADE /* Main.html */; };
		F1E1C17A2D71DF240003BADE /* Icon.png in Resources */ = {isa = PBXBuildFile; fileRef = F1E1C13D2D71DF230003BADE /* Icon.png */; };
		F1E1C17B2D71DF240003BADE /* Icon.png in Resources */ = {isa = PBXBuildFile; fileRef = F1E1C13D2D71DF230003BADE /* Icon.png */; };
		F1E1C17C2D71DF240003BADE /* Style.css in Resources */ = {isa = PBXBuildFile; fileRef = F1E1C13E2D71DF230003BADE /* Style.css */; };
		F1E1C17D2D71DF240003BADE /* Style.css in Resources */ = {isa = PBXBuildFile; fileRef = F1E1C13E2D71DF230003BADE /* Style.css */; };
		F1E1C17E2D71DF240003BADE /* Script.js in Resources */ = {isa = PBXBuildFile; fileRef = F1E1C13F2D71DF230003BADE /* Script.js */; };
		F1E1C17F2D71DF240003BADE /* Script.js in Resources */ = {isa = PBXBuildFile; fileRef = F1E1C13F2D71DF230003BADE /* Script.js */; };
		F1E1C1802D71DF240003BADE /* ViewController.swift in Sources */ = {isa = PBXBuildFile; fileRef = F1E1C1402D71DF230003BADE /* ViewController.swift */; };
		F1E1C1812D71DF240003BADE /* ViewController.swift in Sources */ = {isa = PBXBuildFile; fileRef = F1E1C1402D71DF230003BADE /* ViewController.swift */; };
		F1E1C1822D71DF240003BADE /* Assets.xcassets in Resources */ = {isa = PBXBuildFile; fileRef = F1E1C1412D71DF240003BADE /* Assets.xcassets */; };
		F1E1C1832D71DF240003BADE /* Assets.xcassets in Resources */ = {isa = PBXBuildFile; fileRef = F1E1C1412D71DF240003BADE /* Assets.xcassets */; };
		F1E1C1842D71DF240003BADE /* SafariWebExtensionHandler.swift in Sources */ = {isa = PBXBuildFile; fileRef = F1E1C1432D71DF240003BADE /* SafariWebExtensionHandler.swift */; };
		F1E1C1852D71DF240003BADE /* SafariWebExtensionHandler.swift in Sources */ = {isa = PBXBuildFile; fileRef = F1E1C1432D71DF240003BADE /* SafariWebExtensionHandler.swift */; };
		F1E1C1A12D71DF250003BADE /* manifest.firefox.json in Resources */ = {isa = PBXBuildFile; fileRef = F1E1C1972D71DF250003BADE /* manifest.firefox.json */; };
		F1E1C1A22D71DF250003BADE /* manifest.chrome.json in Resources */ = {isa = PBXBuildFile; fileRef = F1E1C1982D71DF250003BADE /* manifest.chrome.json */; };
		F1E1C1A32D71DF250003BADE /* styles in Resources */ = {isa = PBXBuildFile; fileRef = F1E1C1992D71DF250003BADE /* styles */; };
		F1E1C1A42D71DF250003BADE /* contentScripts in Resources */ = {isa = PBXBuildFile; fileRef = F1E1C19A2D71DF250003BADE /* contentScripts */; };
		F1E1C1A52D71DF250003BADE /* manifest.json in Resources */ = {isa = PBXBuildFile; fileRef = F1E1C19C2D71DF250003BADE /* manifest.json */; };
		F1E1C1A62D71DF250003BADE /* freshContent in Resources */ = {isa = PBXBuildFile; fileRef = F1E1C19D2D71DF250003BADE /* freshContent */; };
		F1E1C1A72D71DF250003BADE /* background.html in Resources */ = {isa = PBXBuildFile; fileRef = F1E1C19E2D71DF250003BADE /* background.html */; };
		F1E1C1A82D71DF250003BADE /* modules in Resources */ = {isa = PBXBuildFile; fileRef = F1E1C19F2D71DF250003BADE /* modules */; };
		F1E1C1A92D71DF250003BADE /* assets in Resources */ = {isa = PBXBuildFile; fileRef = F1E1C1A02D71DF250003BADE /* assets */; };
		F1E1C1AA2D71DF250003BADE /* manifest.firefox.json in Resources */ = {isa = PBXBuildFile; fileRef = F1E1C1972D71DF250003BADE /* manifest.firefox.json */; };
		F1E1C1AB2D71DF250003BADE /* manifest.chrome.json in Resources */ = {isa = PBXBuildFile; fileRef = F1E1C1982D71DF250003BADE /* manifest.chrome.json */; };
		F1E1C1AC2D71DF250003BADE /* styles in Resources */ = {isa = PBXBuildFile; fileRef = F1E1C1992D71DF250003BADE /* styles */; };
		F1E1C1AD2D71DF250003BADE /* contentScripts in Resources */ = {isa = PBXBuildFile; fileRef = F1E1C19A2D71DF250003BADE /* contentScripts */; };
		F1E1C1AE2D71DF250003BADE /* manifest.json in Resources */ = {isa = PBXBuildFile; fileRef = F1E1C19C2D71DF250003BADE /* manifest.json */; };
		F1E1C1AF2D71DF250003BADE /* freshContent in Resources */ = {isa = PBXBuildFile; fileRef = F1E1C19D2D71DF250003BADE /* freshContent */; };
		F1E1C1B02D71DF250003BADE /* background.html in Resources */ = {isa = PBXBuildFile; fileRef = F1E1C19E2D71DF250003BADE /* background.html */; };
		F1E1C1B12D71DF250003BADE /* modules in Resources */ = {isa = PBXBuildFile; fileRef = F1E1C19F2D71DF250003BADE /* modules */; };
		F1E1C1B22D71DF250003BADE /* assets in Resources */ = {isa = PBXBuildFile; fileRef = F1E1C1A02D71DF250003BADE /* assets */; };
/* End PBXBuildFile section */

/* Begin PBXContainerItemProxy section */
		F1E1C1692D71DF240003BADE /* PBXContainerItemProxy */ = {
			isa = PBXContainerItemProxy;
			containerPortal = F1E1C1352D71DF230003BADE /* Project object */;
			proxyType = 1;
			remoteGlobalIDString = F1E1C1662D71DF240003BADE;
			remoteInfo = "TUfast-safari Extension (iOS)";
		};
		F1E1C1732D71DF240003BADE /* PBXContainerItemProxy */ = {
			isa = PBXContainerItemProxy;
			containerPortal = F1E1C1352D71DF230003BADE /* Project object */;
			proxyType = 1;
			remoteGlobalIDString = F1E1C1702D71DF240003BADE;
			remoteInfo = "TUfast-safari Extension (macOS)";
		};
/* End PBXContainerItemProxy section */

/* Begin PBXCopyFilesBuildPhase section */
		F1E1C18B2D71DF240003BADE /* Embed Foundation Extensions */ = {
			isa = PBXCopyFilesBuildPhase;
			buildActionMask = 2147483647;
			dstPath = "";
			dstSubfolderSpec = 13;
			files = (
				F1E1C1682D71DF240003BADE /* TUfast-safari Extension.appex in Embed Foundation Extensions */,
			);
			name = "Embed Foundation Extensions";
			runOnlyForDeploymentPostprocessing = 0;
		};
		F1E1C1922D71DF240003BADE /* Embed Foundation Extensions */ = {
			isa = PBXCopyFilesBuildPhase;
			buildActionMask = 2147483647;
			dstPath = "";
			dstSubfolderSpec = 13;
			files = (
				F1E1C1722D71DF240003BADE /* TUfast-safari Extension.appex in Embed Foundation Extensions */,
			);
			name = "Embed Foundation Extensions";
			runOnlyForDeploymentPostprocessing = 0;
		};
/* End PBXCopyFilesBuildPhase section */

/* Begin PBXFileReference section */
		F1E1C13C2D71DF230003BADE /* Base */ = {isa = PBXFileReference; lastKnownFileType = text.html; name = Base; path = Base.lproj/Main.html; sourceTree = "<group>"; };
		F1E1C13D2D71DF230003BADE /* Icon.png */ = {isa = PBXFileReference; lastKnownFileType = image.png; path = Icon.png; sourceTree = "<group>"; };
		F1E1C13E2D71DF230003BADE /* Style.css */ = {isa = PBXFileReference; lastKnownFileType = text.css; path = Style.css; sourceTree = "<group>"; };
		F1E1C13F2D71DF230003BADE /* Script.js */ = {isa = PBXFileReference; lastKnownFileType = sourcecode.javascript; path = Script.js; sourceTree = "<group>"; };
		F1E1C1402D71DF230003BADE /* ViewController.swift */ = {isa = PBXFileReference; lastKnownFileType = sourcecode.swift; path = ViewController.swift; sourceTree = "<group>"; };
		F1E1C1412D71DF240003BADE /* Assets.xcassets */ = {isa = PBXFileReference; lastKnownFileType = folder.assetcatalog; path = Assets.xcassets; sourceTree = "<group>"; };
		F1E1C1432D71DF240003BADE /* SafariWebExtensionHandler.swift */ = {isa = PBXFileReference; lastKnownFileType = sourcecode.swift; path = SafariWebExtensionHandler.swift; sourceTree = "<group>"; };
		F1E1C1482D71DF240003BADE /* TUfast-safari.app */ = {isa = PBXFileReference; explicitFileType = wrapper.application; includeInIndex = 0; path = "TUfast-safari.app"; sourceTree = BUILT_PRODUCTS_DIR; };
		F1E1C14B2D71DF240003BADE /* AppDelegate.swift */ = {isa = PBXFileReference; lastKnownFileType = sourcecode.swift; path = AppDelegate.swift; sourceTree = "<group>"; };
		F1E1C14D2D71DF240003BADE /* SceneDelegate.swift */ = {isa = PBXFileReference; lastKnownFileType = sourcecode.swift; path = SceneDelegate.swift; sourceTree = "<group>"; };
		F1E1C1502D71DF240003BADE /* Base */ = {isa = PBXFileReference; lastKnownFileType = file.storyboard; name = Base; path = Base.lproj/LaunchScreen.storyboard; sourceTree = "<group>"; };
		F1E1C1532D71DF240003BADE /* Base */ = {isa = PBXFileReference; lastKnownFileType = file.storyboard; name = Base; path = Base.lproj/Main.storyboard; sourceTree = "<group>"; };
		F1E1C1552D71DF240003BADE /* Info.plist */ = {isa = PBXFileReference; lastKnownFileType = text.plist.xml; path = Info.plist; sourceTree = "<group>"; };
		F1E1C15A2D71DF240003BADE /* TUfast-safari.app */ = {isa = PBXFileReference; explicitFileType = wrapper.application; includeInIndex = 0; path = "TUfast-safari.app"; sourceTree = BUILT_PRODUCTS_DIR; };
		F1E1C15C2D71DF240003BADE /* AppDelegate.swift */ = {isa = PBXFileReference; lastKnownFileType = sourcecode.swift; path = AppDelegate.swift; sourceTree = "<group>"; };
		F1E1C15F2D71DF240003BADE /* Base */ = {isa = PBXFileReference; lastKnownFileType = file.storyboard; name = Base; path = Base.lproj/Main.storyboard; sourceTree = "<group>"; };
		F1E1C1612D71DF240003BADE /* Info.plist */ = {isa = PBXFileReference; lastKnownFileType = text.plist.xml; path = Info.plist; sourceTree = "<group>"; };
		F1E1C1622D71DF240003BADE /* TUfast-safari.entitlements */ = {isa = PBXFileReference; lastKnownFileType = text.plist.entitlements; path = "TUfast-safari.entitlements"; sourceTree = "<group>"; };
		F1E1C1672D71DF240003BADE /* TUfast-safari Extension.appex */ = {isa = PBXFileReference; explicitFileType = "wrapper.app-extension"; includeInIndex = 0; path = "TUfast-safari Extension.appex"; sourceTree = BUILT_PRODUCTS_DIR; };
		F1E1C16C2D71DF240003BADE /* Info.plist */ = {isa = PBXFileReference; lastKnownFileType = text.plist.xml; path = Info.plist; sourceTree = "<group>"; };
		F1E1C1712D71DF240003BADE /* TUfast-safari Extension.appex */ = {isa = PBXFileReference; explicitFileType = "wrapper.app-extension"; includeInIndex = 0; path = "TUfast-safari Extension.appex"; sourceTree = BUILT_PRODUCTS_DIR; };
		F1E1C1762D71DF240003BADE /* Info.plist */ = {isa = PBXFileReference; lastKnownFileType = text.plist.xml; path = Info.plist; sourceTree = "<group>"; };
		F1E1C1772D71DF240003BADE /* TUfast-safari.entitlements */ = {isa = PBXFileReference; lastKnownFileType = text.plist.entitlements; path = "TUfast-safari.entitlements"; sourceTree = "<group>"; };
		F1E1C1972D71DF250003BADE /* manifest.firefox.json */ = {isa = PBXFileReference; lastKnownFileType = text.json; name = manifest.firefox.json; path = ../../src/manifest.firefox.json; sourceTree = "<group>"; };
		F1E1C1982D71DF250003BADE /* manifest.chrome.json */ = {isa = PBXFileReference; lastKnownFileType = text.json; name = manifest.chrome.json; path = ../../src/manifest.chrome.json; sourceTree = "<group>"; };
		F1E1C1992D71DF250003BADE /* styles */ = {isa = PBXFileReference; lastKnownFileType = folder; name = styles; path = ../../src/styles; sourceTree = "<group>"; };
		F1E1C19A2D71DF250003BADE /* contentScripts */ = {isa = PBXFileReference; lastKnownFileType = folder; name = contentScripts; path = ../../src/contentScripts; sourceTree = "<group>"; };
		F1E1C19B2D71DF250003BADE /* background.ts */ = {isa = PBXFileReference; lastKnownFileType = sourcecode.typescript; name = background.ts; path = ../../src/background.ts; sourceTree = "<group>"; };
		F1E1C19C2D71DF250003BADE /* manifest.json */ = {isa = PBXFileReference; lastKnownFileType = text.json; name = manifest.json; path = ../../src/manifest.json; sourceTree = "<group>"; };
		F1E1C19D2D71DF250003BADE /* freshContent */ = {isa = PBXFileReference; lastKnownFileType = folder; name = freshContent; path = ../../src/freshContent; sourceTree = "<group>"; };
		F1E1C19E2D71DF250003BADE /* background.html */ = {isa = PBXFileReference; lastKnownFileType = text.html; name = background.html; path = ../../src/background.html; sourceTree = "<group>"; };
		F1E1C19F2D71DF250003BADE /* modules */ = {isa = PBXFileReference; lastKnownFileType = folder; name = modules; path = ../../src/modules; sourceTree = "<group>"; };
		F1E1C1A02D71DF250003BADE /* assets */ = {isa = PBXFileReference; lastKnownFileType = folder; name = assets; path = ../../src/assets; sourceTree = "<group>"; };
/* End PBXFileReference section */

/* Begin PBXFrameworksBuildPhase section */
		F1E1C1452D71DF240003BADE /* Frameworks */ = {
			isa = PBXFrameworksBuildPhase;
			buildActionMask = 2147483647;
			files = (
			);
			runOnlyForDeploymentPostprocessing = 0;
		};
		F1E1C1572D71DF240003BADE /* Frameworks */ = {
			isa = PBXFrameworksBuildPhase;
			buildActionMask = 2147483647;
			files = (
			);
			runOnlyForDeploymentPostprocessing = 0;
		};
		F1E1C1642D71DF240003BADE /* Frameworks */ = {
			isa = PBXFrameworksBuildPhase;
			buildActionMask = 2147483647;
			files = (
			);
			runOnlyForDeploymentPostprocessing = 0;
		};
		F1E1C16E2D71DF240003BADE /* Frameworks */ = {
			isa = PBXFrameworksBuildPhase;
			buildActionMask = 2147483647;
			files = (
			);
			runOnlyForDeploymentPostprocessing = 0;
		};
/* End PBXFrameworksBuildPhase section */

/* Begin PBXGroup section */
		F1E1C1342D71DF230003BADE = {
			isa = PBXGroup;
			children = (
				F1E1C1392D71DF230003BADE /* Shared (App) */,
				F1E1C1422D71DF240003BADE /* Shared (Extension) */,
				F1E1C14A2D71DF240003BADE /* iOS (App) */,
				F1E1C15B2D71DF240003BADE /* macOS (App) */,
				F1E1C16B2D71DF240003BADE /* iOS (Extension) */,
				F1E1C1752D71DF240003BADE /* macOS (Extension) */,
				F1E1C1492D71DF240003BADE /* Products */,
			);
			sourceTree = "<group>";
		};
		F1E1C1392D71DF230003BADE /* Shared (App) */ = {
			isa = PBXGroup;
			children = (
				F1E1C1402D71DF230003BADE /* ViewController.swift */,
				F1E1C1412D71DF240003BADE /* Assets.xcassets */,
				F1E1C13A2D71DF230003BADE /* Resources */,
			);
			path = "Shared (App)";
			sourceTree = "<group>";
		};
		F1E1C13A2D71DF230003BADE /* Resources */ = {
			isa = PBXGroup;
			children = (
				F1E1C13B2D71DF230003BADE /* Main.html */,
				F1E1C13D2D71DF230003BADE /* Icon.png */,
				F1E1C13E2D71DF230003BADE /* Style.css */,
				F1E1C13F2D71DF230003BADE /* Script.js */,
			);
			path = Resources;
			sourceTree = "<group>";
		};
		F1E1C1422D71DF240003BADE /* Shared (Extension) */ = {
			isa = PBXGroup;
			children = (
				F1E1C1962D71DF250003BADE /* Resources */,
				F1E1C1432D71DF240003BADE /* SafariWebExtensionHandler.swift */,
			);
			path = "Shared (Extension)";
			sourceTree = "<group>";
		};
		F1E1C1492D71DF240003BADE /* Products */ = {
			isa = PBXGroup;
			children = (
				F1E1C1482D71DF240003BADE /* TUfast-safari.app */,
				F1E1C15A2D71DF240003BADE /* TUfast-safari.app */,
				F1E1C1672D71DF240003BADE /* TUfast-safari Extension.appex */,
				F1E1C1712D71DF240003BADE /* TUfast-safari Extension.appex */,
			);
			name = Products;
			sourceTree = "<group>";
		};
		F1E1C14A2D71DF240003BADE /* iOS (App) */ = {
			isa = PBXGroup;
			children = (
				F1E1C14B2D71DF240003BADE /* AppDelegate.swift */,
				F1E1C14D2D71DF240003BADE /* SceneDelegate.swift */,
				F1E1C14F2D71DF240003BADE /* LaunchScreen.storyboard */,
				F1E1C1522D71DF240003BADE /* Main.storyboard */,
				F1E1C1552D71DF240003BADE /* Info.plist */,
			);
			path = "iOS (App)";
			sourceTree = "<group>";
		};
		F1E1C15B2D71DF240003BADE /* macOS (App) */ = {
			isa = PBXGroup;
			children = (
				F1E1C15C2D71DF240003BADE /* AppDelegate.swift */,
				F1E1C15E2D71DF240003BADE /* Main.storyboard */,
				F1E1C1612D71DF240003BADE /* Info.plist */,
				F1E1C1622D71DF240003BADE /* TUfast-safari.entitlements */,
			);
			path = "macOS (App)";
			sourceTree = "<group>";
		};
		F1E1C16B2D71DF240003BADE /* iOS (Extension) */ = {
			isa = PBXGroup;
			children = (
				F1E1C16C2D71DF240003BADE /* Info.plist */,
			);
			path = "iOS (Extension)";
			sourceTree = "<group>";
		};
		F1E1C1752D71DF240003BADE /* macOS (Extension) */ = {
			isa = PBXGroup;
			children = (
				F1E1C1762D71DF240003BADE /* Info.plist */,
				F1E1C1772D71DF240003BADE /* TUfast-safari.entitlements */,
			);
			path = "macOS (Extension)";
			sourceTree = "<group>";
		};
		F1E1C1962D71DF250003BADE /* Resources */ = {
			isa = PBXGroup;
			children = (
				F1E1C1972D71DF250003BADE /* manifest.firefox.json */,
				F1E1C1982D71DF250003BADE /* manifest.chrome.json */,
				F1E1C1992D71DF250003BADE /* styles */,
				F1E1C19A2D71DF250003BADE /* contentScripts */,
				F1E1C19B2D71DF250003BADE /* background.ts */,
				F1E1C19C2D71DF250003BADE /* manifest.json */,
				F1E1C19D2D71DF250003BADE /* freshContent */,
				F1E1C19E2D71DF250003BADE /* background.html */,
				F1E1C19F2D71DF250003BADE /* modules */,
				F1E1C1A02D71DF250003BADE /* assets */,
			);
			name = Resources;
			path = "Shared (Extension)";
			sourceTree = SOURCE_ROOT;
		};
/* End PBXGroup section */

/* Begin PBXNativeTarget section */
		F1E1C1472D71DF240003BADE /* TUfast-safari (iOS) */ = {
			isa = PBXNativeTarget;
			buildConfigurationList = F1E1C18C2D71DF240003BADE /* Build configuration list for PBXNativeTarget "TUfast-safari (iOS)" */;
			buildPhases = (
				F1E1C1442D71DF240003BADE /* Sources */,
				F1E1C1452D71DF240003BADE /* Frameworks */,
				F1E1C1462D71DF240003BADE /* Resources */,
				F1E1C18B2D71DF240003BADE /* Embed Foundation Extensions */,
			);
			buildRules = (
			);
			dependencies = (
				F1E1C16A2D71DF240003BADE /* PBXTargetDependency */,
			);
			name = "TUfast-safari (iOS)";
			packageProductDependencies = (
			);
			productName = "TUfast-safari (iOS)";
			productReference = F1E1C1482D71DF240003BADE /* TUfast-safari.app */;
			productType = "com.apple.product-type.application";
		};
		F1E1C1592D71DF240003BADE /* TUfast-safari (macOS) */ = {
			isa = PBXNativeTarget;
			buildConfigurationList = F1E1C1932D71DF240003BADE /* Build configuration list for PBXNativeTarget "TUfast-safari (macOS)" */;
			buildPhases = (
				F1E1C1562D71DF240003BADE /* Sources */,
				F1E1C1572D71DF240003BADE /* Frameworks */,
				F1E1C1582D71DF240003BADE /* Resources */,
				F1E1C1922D71DF240003BADE /* Embed Foundation Extensions */,
			);
			buildRules = (
			);
			dependencies = (
				F1E1C1742D71DF240003BADE /* PBXTargetDependency */,
			);
			name = "TUfast-safari (macOS)";
			packageProductDependencies = (
			);
			productName = "TUfast-safari (macOS)";
			productReference = F1E1C15A2D71DF240003BADE /* TUfast-safari.app */;
			productType = "com.apple.product-type.application";
		};
		F1E1C1662D71DF240003BADE /* TUfast-safari Extension (iOS) */ = {
			isa = PBXNativeTarget;
			buildConfigurationList = F1E1C1882D71DF240003BADE /* Build configuration list for PBXNativeTarget "TUfast-safari Extension (iOS)" */;
			buildPhases = (
				F1E1C1632D71DF240003BADE /* Sources */,
				F1E1C1642D71DF240003BADE /* Frameworks */,
				F1E1C1652D71DF240003BADE /* Resources */,
			);
			buildRules = (
			);
			dependencies = (
			);
			name = "TUfast-safari Extension (iOS)";
			packageProductDependencies = (
			);
			productName = "TUfast-safari Extension (iOS)";
			productReference = F1E1C1672D71DF240003BADE /* TUfast-safari Extension.appex */;
			productType = "com.apple.product-type.app-extension";
		};
		F1E1C1702D71DF240003BADE /* TUfast-safari Extension (macOS) */ = {
			isa = PBXNativeTarget;
			buildConfigurationList = F1E1C18F2D71DF240003BADE /* Build configuration list for PBXNativeTarget "TUfast-safari Extension (macOS)" */;
			buildPhases = (
				F1E1C16D2D71DF240003BADE /* Sources */,
				F1E1C16E2D71DF240003BADE /* Frameworks */,
				F1E1C16F2D71DF240003BADE /* Resources */,
			);
			buildRules = (
			);
			dependencies = (
			);
			name = "TUfast-safari Extension (macOS)";
			packageProductDependencies = (
			);
			productName = "TUfast-safari Extension (macOS)";
			productReference = F1E1C1712D71DF240003BADE /* TUfast-safari Extension.appex */;
			productType = "com.apple.product-type.app-extension";
		};
/* End PBXNativeTarget section */

/* Begin PBXProject section */
		F1E1C1352D71DF230003BADE /* Project object */ = {
			isa = PBXProject;
			attributes = {
				BuildIndependentTargetsInParallel = 1;
				LastSwiftUpdateCheck = 1620;
				LastUpgradeCheck = 1620;
				TargetAttributes = {
					F1E1C1472D71DF240003BADE = {
						CreatedOnToolsVersion = 16.2;
					};
					F1E1C1592D71DF240003BADE = {
						CreatedOnToolsVersion = 16.2;
					};
					F1E1C1662D71DF240003BADE = {
						CreatedOnToolsVersion = 16.2;
					};
					F1E1C1702D71DF240003BADE = {
						CreatedOnToolsVersion = 16.2;
					};
				};
			};
			buildConfigurationList = F1E1C1382D71DF230003BADE /* Build configuration list for PBXProject "TUfast-safari" */;
			developmentRegion = en;
			hasScannedForEncodings = 0;
			knownRegions = (
				en,
				Base,
			);
			mainGroup = F1E1C1342D71DF230003BADE;
			minimizedProjectReferenceProxies = 1;
			preferredProjectObjectVersion = 77;
			productRefGroup = F1E1C1492D71DF240003BADE /* Products */;
			projectDirPath = "";
			projectRoot = "";
			targets = (
				F1E1C1472D71DF240003BADE /* TUfast-safari (iOS) */,
				F1E1C1592D71DF240003BADE /* TUfast-safari (macOS) */,
				F1E1C1662D71DF240003BADE /* TUfast-safari Extension (iOS) */,
				F1E1C1702D71DF240003BADE /* TUfast-safari Extension (macOS) */,
			);
		};
/* End PBXProject section */

/* Begin PBXResourcesBuildPhase section */
		F1E1C1462D71DF240003BADE /* Resources */ = {
			isa = PBXResourcesBuildPhase;
			buildActionMask = 2147483647;
			files = (
				F1E1C17A2D71DF240003BADE /* Icon.png in Resources */,
				F1E1C1512D71DF240003BADE /* LaunchScreen.storyboard in Resources */,
				F1E1C1782D71DF240003BADE /* Main.html in Resources */,
				F1E1C17E2D71DF240003BADE /* Script.js in Resources */,
				F1E1C1822D71DF240003BADE /* Assets.xcassets in Resources */,
				F1E1C1542D71DF240003BADE /* Main.storyboard in Resources */,
				F1E1C17C2D71DF240003BADE /* Style.css in Resources */,
			);
			runOnlyForDeploymentPostprocessing = 0;
		};
		F1E1C1582D71DF240003BADE /* Resources */ = {
			isa = PBXResourcesBuildPhase;
			buildActionMask = 2147483647;
			files = (
				F1E1C17B2D71DF240003BADE /* Icon.png in Resources */,
				F1E1C17D2D71DF240003BADE /* Style.css in Resources */,
				F1E1C1602D71DF240003BADE /* Main.storyboard in Resources */,
				F1E1C17F2D71DF240003BADE /* Script.js in Resources */,
				F1E1C1832D71DF240003BADE /* Assets.xcassets in Resources */,
				F1E1C1792D71DF240003BADE /* Main.html in Resources */,
			);
			runOnlyForDeploymentPostprocessing = 0;
		};
		F1E1C1652D71DF240003BADE /* Resources */ = {
			isa = PBXResourcesBuildPhase;
			buildActionMask = 2147483647;
			files = (
				F1E1C1B12D71DF250003BADE /* modules in Resources */,
				F1E1C1B02D71DF250003BADE /* background.html in Resources */,
				F1E1C1AA2D71DF250003BADE /* manifest.firefox.json in Resources */,
				F1E1C1B22D71DF250003BADE /* assets in Resources */,
				F1E1C1AD2D71DF250003BADE /* contentScripts in Resources */,
				F1E1C1AE2D71DF250003BADE /* manifest.json in Resources */,
				F1E1C1AF2D71DF250003BADE /* freshContent in Resources */,
				F1E1C1AC2D71DF250003BADE /* styles in Resources */,
				F1E1C1AB2D71DF250003BADE /* manifest.chrome.json in Resources */,
			);
			runOnlyForDeploymentPostprocessing = 0;
		};
		F1E1C16F2D71DF240003BADE /* Resources */ = {
			isa = PBXResourcesBuildPhase;
			buildActionMask = 2147483647;
			files = (
				F1E1C1A82D71DF250003BADE /* modules in Resources */,
				F1E1C1A72D71DF250003BADE /* background.html in Resources */,
				F1E1C1A12D71DF250003BADE /* manifest.firefox.json in Resources */,
				F1E1C1A92D71DF250003BADE /* assets in Resources */,
				F1E1C1A42D71DF250003BADE /* contentScripts in Resources */,
				F1E1C1A52D71DF250003BADE /* manifest.json in Resources */,
				F1E1C1A62D71DF250003BADE /* freshContent in Resources */,
				F1E1C1A32D71DF250003BADE /* styles in Resources */,
				F1E1C1A22D71DF250003BADE /* manifest.chrome.json in Resources */,
			);
			runOnlyForDeploymentPostprocessing = 0;
		};
/* End PBXResourcesBuildPhase section */

/* Begin PBXSourcesBuildPhase section */
		F1E1C1442D71DF240003BADE /* Sources */ = {
			isa = PBXSourcesBuildPhase;
			buildActionMask = 2147483647;
			files = (
				F1E1C1802D71DF240003BADE /* ViewController.swift in Sources */,
				F1E1C14C2D71DF240003BADE /* AppDelegate.swift in Sources */,
				F1E1C14E2D71DF240003BADE /* SceneDelegate.swift in Sources */,
			);
			runOnlyForDeploymentPostprocessing = 0;
		};
		F1E1C1562D71DF240003BADE /* Sources */ = {
			isa = PBXSourcesBuildPhase;
			buildActionMask = 2147483647;
			files = (
				F1E1C1812D71DF240003BADE /* ViewController.swift in Sources */,
				F1E1C15D2D71DF240003BADE /* AppDelegate.swift in Sources */,
			);
			runOnlyForDeploymentPostprocessing = 0;
		};
		F1E1C1632D71DF240003BADE /* Sources */ = {
			isa = PBXSourcesBuildPhase;
			buildActionMask = 2147483647;
			files = (
				F1E1C1842D71DF240003BADE /* SafariWebExtensionHandler.swift in Sources */,
			);
			runOnlyForDeploymentPostprocessing = 0;
		};
		F1E1C16D2D71DF240003BADE /* Sources */ = {
			isa = PBXSourcesBuildPhase;
			buildActionMask = 2147483647;
			files = (
				F1E1C1852D71DF240003BADE /* SafariWebExtensionHandler.swift in Sources */,
			);
			runOnlyForDeploymentPostprocessing = 0;
		};
/* End PBXSourcesBuildPhase section */

/* Begin PBXTargetDependency section */
		F1E1C16A2D71DF240003BADE /* PBXTargetDependency */ = {
			isa = PBXTargetDependency;
			target = F1E1C1662D71DF240003BADE /* TUfast-safari Extension (iOS) */;
			targetProxy = F1E1C1692D71DF240003BADE /* PBXContainerItemProxy */;
		};
		F1E1C1742D71DF240003BADE /* PBXTargetDependency */ = {
			isa = PBXTargetDependency;
			target = F1E1C1702D71DF240003BADE /* TUfast-safari Extension (macOS) */;
			targetProxy = F1E1C1732D71DF240003BADE /* PBXContainerItemProxy */;
		};
/* End PBXTargetDependency section */

/* Begin PBXVariantGroup section */
		F1E1C13B2D71DF230003BADE /* Main.html */ = {
			isa = PBXVariantGroup;
			children = (
				F1E1C13C2D71DF230003BADE /* Base */,
			);
			name = Main.html;
			sourceTree = "<group>";
		};
		F1E1C14F2D71DF240003BADE /* LaunchScreen.storyboard */ = {
			isa = PBXVariantGroup;
			children = (
				F1E1C1502D71DF240003BADE /* Base */,
			);
			name = LaunchScreen.storyboard;
			sourceTree = "<group>";
		};
		F1E1C1522D71DF240003BADE /* Main.storyboard */ = {
			isa = PBXVariantGroup;
			children = (
				F1E1C1532D71DF240003BADE /* Base */,
			);
			name = Main.storyboard;
			sourceTree = "<group>";
		};
		F1E1C15E2D71DF240003BADE /* Main.storyboard */ = {
			isa = PBXVariantGroup;
			children = (
				F1E1C15F2D71DF240003BADE /* Base */,
			);
			name = Main.storyboard;
			sourceTree = "<group>";
		};
/* End PBXVariantGroup section */

/* Begin XCBuildConfiguration section */
		F1E1C1862D71DF240003BADE /* Debug */ = {
			isa = XCBuildConfiguration;
			buildSettings = {
				ALWAYS_SEARCH_USER_PATHS = NO;
				ASSETCATALOG_COMPILER_GENERATE_SWIFT_ASSET_SYMBOL_EXTENSIONS = YES;
				CLANG_ANALYZER_NONNULL = YES;
				CLANG_ANALYZER_NUMBER_OBJECT_CONVERSION = YES_AGGRESSIVE;
				CLANG_CXX_LANGUAGE_STANDARD = "gnu++20";
				CLANG_ENABLE_MODULES = YES;
				CLANG_ENABLE_OBJC_ARC = YES;
				CLANG_ENABLE_OBJC_WEAK = YES;
				CLANG_WARN_BLOCK_CAPTURE_AUTORELEASING = YES;
				CLANG_WARN_BOOL_CONVERSION = YES;
				CLANG_WARN_COMMA = YES;
				CLANG_WARN_CONSTANT_CONVERSION = YES;
				CLANG_WARN_DEPRECATED_OBJC_IMPLEMENTATIONS = YES;
				CLANG_WARN_DIRECT_OBJC_ISA_USAGE = YES_ERROR;
				CLANG_WARN_DOCUMENTATION_COMMENTS = YES;
				CLANG_WARN_EMPTY_BODY = YES;
				CLANG_WARN_ENUM_CONVERSION = YES;
				CLANG_WARN_INFINITE_RECURSION = YES;
				CLANG_WARN_INT_CONVERSION = YES;
				CLANG_WARN_NON_LITERAL_NULL_CONVERSION = YES;
				CLANG_WARN_OBJC_IMPLICIT_RETAIN_SELF = YES;
				CLANG_WARN_OBJC_LITERAL_CONVERSION = YES;
				CLANG_WARN_OBJC_ROOT_CLASS = YES_ERROR;
				CLANG_WARN_QUOTED_INCLUDE_IN_FRAMEWORK_HEADER = YES;
				CLANG_WARN_RANGE_LOOP_ANALYSIS = YES;
				CLANG_WARN_STRICT_PROTOTYPES = YES;
				CLANG_WARN_SUSPICIOUS_MOVE = YES;
				CLANG_WARN_UNGUARDED_AVAILABILITY = YES_AGGRESSIVE;
				CLANG_WARN_UNREACHABLE_CODE = YES;
				CLANG_WARN__DUPLICATE_METHOD_MATCH = YES;
				COPY_PHASE_STRIP = NO;
				DEBUG_INFORMATION_FORMAT = dwarf;
				ENABLE_STRICT_OBJC_MSGSEND = YES;
				ENABLE_TESTABILITY = YES;
				ENABLE_USER_SCRIPT_SANDBOXING = YES;
				GCC_C_LANGUAGE_STANDARD = gnu17;
				GCC_DYNAMIC_NO_PIC = NO;
				GCC_NO_COMMON_BLOCKS = YES;
				GCC_OPTIMIZATION_LEVEL = 0;
				GCC_PREPROCESSOR_DEFINITIONS = (
					"DEBUG=1",
					"$(inherited)",
				);
				GCC_WARN_64_TO_32_BIT_CONVERSION = YES;
				GCC_WARN_ABOUT_RETURN_TYPE = YES_ERROR;
				GCC_WARN_UNDECLARED_SELECTOR = YES;
				GCC_WARN_UNINITIALIZED_AUTOS = YES_AGGRESSIVE;
				GCC_WARN_UNUSED_FUNCTION = YES;
				GCC_WARN_UNUSED_VARIABLE = YES;
				LOCALIZATION_PREFERS_STRING_CATALOGS = YES;
				MTL_ENABLE_DEBUG_INFO = INCLUDE_SOURCE;
				MTL_FAST_MATH = YES;
				ONLY_ACTIVE_ARCH = YES;
				SWIFT_ACTIVE_COMPILATION_CONDITIONS = "DEBUG $(inherited)";
				SWIFT_OPTIMIZATION_LEVEL = "-Onone";
			};
			name = Debug;
		};
		F1E1C1872D71DF240003BADE /* Release */ = {
			isa = XCBuildConfiguration;
			buildSettings = {
				ALWAYS_SEARCH_USER_PATHS = NO;
				ASSETCATALOG_COMPILER_GENERATE_SWIFT_ASSET_SYMBOL_EXTENSIONS = YES;
				CLANG_ANALYZER_NONNULL = YES;
				CLANG_ANALYZER_NUMBER_OBJECT_CONVERSION = YES_AGGRESSIVE;
				CLANG_CXX_LANGUAGE_STANDARD = "gnu++20";
				CLANG_ENABLE_MODULES = YES;
				CLANG_ENABLE_OBJC_ARC = YES;
				CLANG_ENABLE_OBJC_WEAK = YES;
				CLANG_WARN_BLOCK_CAPTURE_AUTORELEASING = YES;
				CLANG_WARN_BOOL_CONVERSION = YES;
				CLANG_WARN_COMMA = YES;
				CLANG_WARN_CONSTANT_CONVERSION = YES;
				CLANG_WARN_DEPRECATED_OBJC_IMPLEMENTATIONS = YES;
				CLANG_WARN_DIRECT_OBJC_ISA_USAGE = YES_ERROR;
				CLANG_WARN_DOCUMENTATION_COMMENTS = YES;
				CLANG_WARN_EMPTY_BODY = YES;
				CLANG_WARN_ENUM_CONVERSION = YES;
				CLANG_WARN_INFINITE_RECURSION = YES;
				CLANG_WARN_INT_CONVERSION = YES;
				CLANG_WARN_NON_LITERAL_NULL_CONVERSION = YES;
				CLANG_WARN_OBJC_IMPLICIT_RETAIN_SELF = YES;
				CLANG_WARN_OBJC_LITERAL_CONVERSION = YES;
				CLANG_WARN_OBJC_ROOT_CLASS = YES_ERROR;
				CLANG_WARN_QUOTED_INCLUDE_IN_FRAMEWORK_HEADER = YES;
				CLANG_WARN_RANGE_LOOP_ANALYSIS = YES;
				CLANG_WARN_STRICT_PROTOTYPES = YES;
				CLANG_WARN_SUSPICIOUS_MOVE = YES;
				CLANG_WARN_UNGUARDED_AVAILABILITY = YES_AGGRESSIVE;
				CLANG_WARN_UNREACHABLE_CODE = YES;
				CLANG_WARN__DUPLICATE_METHOD_MATCH = YES;
				COPY_PHASE_STRIP = NO;
				DEBUG_INFORMATION_FORMAT = "dwarf-with-dsym";
				ENABLE_NS_ASSERTIONS = NO;
				ENABLE_STRICT_OBJC_MSGSEND = YES;
				ENABLE_USER_SCRIPT_SANDBOXING = YES;
				GCC_C_LANGUAGE_STANDARD = gnu17;
				GCC_NO_COMMON_BLOCKS = YES;
				GCC_WARN_64_TO_32_BIT_CONVERSION = YES;
				GCC_WARN_ABOUT_RETURN_TYPE = YES_ERROR;
				GCC_WARN_UNDECLARED_SELECTOR = YES;
				GCC_WARN_UNINITIALIZED_AUTOS = YES_AGGRESSIVE;
				GCC_WARN_UNUSED_FUNCTION = YES;
				GCC_WARN_UNUSED_VARIABLE = YES;
				LOCALIZATION_PREFERS_STRING_CATALOGS = YES;
				MTL_ENABLE_DEBUG_INFO = NO;
				MTL_FAST_MATH = YES;
				SWIFT_COMPILATION_MODE = wholemodule;
			};
			name = Release;
		};
		F1E1C1892D71DF240003BADE /* Debug */ = {
			isa = XCBuildConfiguration;
			buildSettings = {
				CODE_SIGN_STYLE = Automatic;
				CURRENT_PROJECT_VERSION = 1;
				GENERATE_INFOPLIST_FILE = YES;
				INFOPLIST_FILE = "iOS (Extension)/Info.plist";
				INFOPLIST_KEY_CFBundleDisplayName = "TUfast-safari Extension";
				INFOPLIST_KEY_NSHumanReadableCopyright = "";
				IPHONEOS_DEPLOYMENT_TARGET = 15.0;
				LD_RUNPATH_SEARCH_PATHS = (
					"$(inherited)",
					"@executable_path/Frameworks",
					"@executable_path/../../Frameworks",
				);
				MARKETING_VERSION = 1.0;
				OTHER_LDFLAGS = (
					"-framework",
					SafariServices,
				);
				PRODUCT_BUNDLE_IDENTIFIER = "com.yourCompany.TUfast-safari.Extension";
				PRODUCT_NAME = "TUfast-safari Extension";
				SDKROOT = iphoneos;
				SKIP_INSTALL = YES;
				SWIFT_EMIT_LOC_STRINGS = YES;
				SWIFT_VERSION = 5.0;
				TARGETED_DEVICE_FAMILY = "1,2";
			};
			name = Debug;
		};
		F1E1C18A2D71DF240003BADE /* Release */ = {
			isa = XCBuildConfiguration;
			buildSettings = {
				CODE_SIGN_STYLE = Automatic;
				CURRENT_PROJECT_VERSION = 1;
				GENERATE_INFOPLIST_FILE = YES;
				INFOPLIST_FILE = "iOS (Extension)/Info.plist";
				INFOPLIST_KEY_CFBundleDisplayName = "TUfast-safari Extension";
				INFOPLIST_KEY_NSHumanReadableCopyright = "";
				IPHONEOS_DEPLOYMENT_TARGET = 15.0;
				LD_RUNPATH_SEARCH_PATHS = (
					"$(inherited)",
					"@executable_path/Frameworks",
					"@executable_path/../../Frameworks",
				);
				MARKETING_VERSION = 1.0;
				OTHER_LDFLAGS = (
					"-framework",
					SafariServices,
				);
				PRODUCT_BUNDLE_IDENTIFIER = "com.yourCompany.TUfast-safari.Extension";
				PRODUCT_NAME = "TUfast-safari Extension";
				SDKROOT = iphoneos;
				SKIP_INSTALL = YES;
				SWIFT_EMIT_LOC_STRINGS = YES;
				SWIFT_VERSION = 5.0;
				TARGETED_DEVICE_FAMILY = "1,2";
				VALIDATE_PRODUCT = YES;
			};
			name = Release;
		};
		F1E1C18D2D71DF240003BADE /* Debug */ = {
			isa = XCBuildConfiguration;
			buildSettings = {
				ASSETCATALOG_COMPILER_APPICON_NAME = AppIcon;
				ASSETCATALOG_COMPILER_GLOBAL_ACCENT_COLOR_NAME = AccentColor;
				CODE_SIGN_STYLE = Automatic;
				CURRENT_PROJECT_VERSION = 1;
				GENERATE_INFOPLIST_FILE = YES;
				INFOPLIST_FILE = "iOS (App)/Info.plist";
				INFOPLIST_KEY_CFBundleDisplayName = "TUfast-safari";
				INFOPLIST_KEY_UIApplicationSupportsIndirectInputEvents = YES;
				INFOPLIST_KEY_UILaunchStoryboardName = LaunchScreen;
				INFOPLIST_KEY_UIMainStoryboardFile = Main;
				INFOPLIST_KEY_UISupportedInterfaceOrientations = "UIInterfaceOrientationPortrait UIInterfaceOrientationLandscapeLeft UIInterfaceOrientationLandscapeRight";
				INFOPLIST_KEY_UISupportedInterfaceOrientations_iPad = "UIInterfaceOrientationPortrait UIInterfaceOrientationPortraitUpsideDown UIInterfaceOrientationLandscapeLeft UIInterfaceOrientationLandscapeRight";
				IPHONEOS_DEPLOYMENT_TARGET = 15.0;
				LD_RUNPATH_SEARCH_PATHS = (
					"$(inherited)",
					"@executable_path/Frameworks",
				);
				MARKETING_VERSION = 1.0;
				OTHER_LDFLAGS = (
					"-framework",
					SafariServices,
					"-framework",
					WebKit,
				);
				PRODUCT_BUNDLE_IDENTIFIER = "com.TUfast.TUfast-safari";
				PRODUCT_NAME = "TUfast-safari";
				SDKROOT = iphoneos;
				SWIFT_EMIT_LOC_STRINGS = YES;
				SWIFT_VERSION = 5.0;
				TARGETED_DEVICE_FAMILY = "1,2";
			};
			name = Debug;
		};
		F1E1C18E2D71DF240003BADE /* Release */ = {
			isa = XCBuildConfiguration;
			buildSettings = {
				ASSETCATALOG_COMPILER_APPICON_NAME = AppIcon;
				ASSETCATALOG_COMPILER_GLOBAL_ACCENT_COLOR_NAME = AccentColor;
				CODE_SIGN_STYLE = Automatic;
				CURRENT_PROJECT_VERSION = 1;
				GENERATE_INFOPLIST_FILE = YES;
				INFOPLIST_FILE = "iOS (App)/Info.plist";
				INFOPLIST_KEY_CFBundleDisplayName = "TUfast-safari";
				INFOPLIST_KEY_UIApplicationSupportsIndirectInputEvents = YES;
				INFOPLIST_KEY_UILaunchStoryboardName = LaunchScreen;
				INFOPLIST_KEY_UIMainStoryboardFile = Main;
				INFOPLIST_KEY_UISupportedInterfaceOrientations = "UIInterfaceOrientationPortrait UIInterfaceOrientationLandscapeLeft UIInterfaceOrientationLandscapeRight";
				INFOPLIST_KEY_UISupportedInterfaceOrientations_iPad = "UIInterfaceOrientationPortrait UIInterfaceOrientationPortraitUpsideDown UIInterfaceOrientationLandscapeLeft UIInterfaceOrientationLandscapeRight";
				IPHONEOS_DEPLOYMENT_TARGET = 15.0;
				LD_RUNPATH_SEARCH_PATHS = (
					"$(inherited)",
					"@executable_path/Frameworks",
				);
				MARKETING_VERSION = 1.0;
				OTHER_LDFLAGS = (
					"-framework",
					SafariServices,
					"-framework",
					WebKit,
				);
				PRODUCT_BUNDLE_IDENTIFIER = "com.TUfast.TUfast-safari";
				PRODUCT_NAME = "TUfast-safari";
				SDKROOT = iphoneos;
				SWIFT_EMIT_LOC_STRINGS = YES;
				SWIFT_VERSION = 5.0;
				TARGETED_DEVICE_FAMILY = "1,2";
				VALIDATE_PRODUCT = YES;
			};
			name = Release;
		};
		F1E1C1902D71DF240003BADE /* Debug */ = {
			isa = XCBuildConfiguration;
			buildSettings = {
				CODE_SIGN_ENTITLEMENTS = "macOS (Extension)/TUfast-safari.entitlements";
				CODE_SIGN_STYLE = Automatic;
				CURRENT_PROJECT_VERSION = 1;
				ENABLE_HARDENED_RUNTIME = YES;
				GENERATE_INFOPLIST_FILE = YES;
				INFOPLIST_FILE = "macOS (Extension)/Info.plist";
				INFOPLIST_KEY_CFBundleDisplayName = "TUfast-safari Extension";
				INFOPLIST_KEY_NSHumanReadableCopyright = "";
				LD_RUNPATH_SEARCH_PATHS = (
					"$(inherited)",
					"@executable_path/../Frameworks",
					"@executable_path/../../../../Frameworks",
				);
				MACOSX_DEPLOYMENT_TARGET = 10.14;
				MARKETING_VERSION = 1.0;
				OTHER_LDFLAGS = (
					"-framework",
					SafariServices,
				);
				PRODUCT_BUNDLE_IDENTIFIER = "com.yourCompany.TUfast-safari.Extension";
				PRODUCT_NAME = "TUfast-safari Extension";
				SDKROOT = macosx;
				SKIP_INSTALL = YES;
				SWIFT_EMIT_LOC_STRINGS = YES;
				SWIFT_VERSION = 5.0;
			};
			name = Debug;
		};
		F1E1C1912D71DF240003BADE /* Release */ = {
			isa = XCBuildConfiguration;
			buildSettings = {
				CODE_SIGN_ENTITLEMENTS = "macOS (Extension)/TUfast-safari.entitlements";
				CODE_SIGN_STYLE = Automatic;
				CURRENT_PROJECT_VERSION = 1;
				ENABLE_HARDENED_RUNTIME = YES;
				GENERATE_INFOPLIST_FILE = YES;
				INFOPLIST_FILE = "macOS (Extension)/Info.plist";
				INFOPLIST_KEY_CFBundleDisplayName = "TUfast-safari Extension";
				INFOPLIST_KEY_NSHumanReadableCopyright = "";
				LD_RUNPATH_SEARCH_PATHS = (
					"$(inherited)",
					"@executable_path/../Frameworks",
					"@executable_path/../../../../Frameworks",
				);
				MACOSX_DEPLOYMENT_TARGET = 10.14;
				MARKETING_VERSION = 1.0;
				OTHER_LDFLAGS = (
					"-framework",
					SafariServices,
				);
				PRODUCT_BUNDLE_IDENTIFIER = "com.yourCompany.TUfast-safari.Extension";
				PRODUCT_NAME = "TUfast-safari Extension";
				SDKROOT = macosx;
				SKIP_INSTALL = YES;
				SWIFT_EMIT_LOC_STRINGS = YES;
				SWIFT_VERSION = 5.0;
			};
			name = Release;
		};
		F1E1C1942D71DF240003BADE /* Debug */ = {
			isa = XCBuildConfiguration;
			buildSettings = {
				ASSETCATALOG_COMPILER_APPICON_NAME = AppIcon;
				ASSETCATALOG_COMPILER_GLOBAL_ACCENT_COLOR_NAME = AccentColor;
				CODE_SIGN_ENTITLEMENTS = "macOS (App)/TUfast-safari.entitlements";
				CODE_SIGN_STYLE = Automatic;
				CURRENT_PROJECT_VERSION = 1;
				ENABLE_HARDENED_RUNTIME = YES;
				GENERATE_INFOPLIST_FILE = YES;
				INFOPLIST_FILE = "macOS (App)/Info.plist";
				INFOPLIST_KEY_CFBundleDisplayName = "TUfast-safari";
				INFOPLIST_KEY_NSMainStoryboardFile = Main;
				INFOPLIST_KEY_NSPrincipalClass = NSApplication;
				LD_RUNPATH_SEARCH_PATHS = (
					"$(inherited)",
					"@executable_path/../Frameworks",
				);
				MACOSX_DEPLOYMENT_TARGET = 10.14;
				MARKETING_VERSION = 1.0;
				OTHER_LDFLAGS = (
					"-framework",
					SafariServices,
					"-framework",
					WebKit,
				);
				PRODUCT_BUNDLE_IDENTIFIER = "com.yourCompany.TUfast-safari";
				PRODUCT_NAME = "TUfast-safari";
				SDKROOT = macosx;
				SWIFT_EMIT_LOC_STRINGS = YES;
				SWIFT_VERSION = 5.0;
			};
			name = Debug;
		};
		F1E1C1952D71DF240003BADE /* Release */ = {
			isa = XCBuildConfiguration;
			buildSettings = {
				ASSETCATALOG_COMPILER_APPICON_NAME = AppIcon;
				ASSETCATALOG_COMPILER_GLOBAL_ACCENT_COLOR_NAME = AccentColor;
				CODE_SIGN_ENTITLEMENTS = "macOS (App)/TUfast-safari.entitlements";
				CODE_SIGN_STYLE = Automatic;
				CURRENT_PROJECT_VERSION = 1;
				ENABLE_HARDENED_RUNTIME = YES;
				GENERATE_INFOPLIST_FILE = YES;
				INFOPLIST_FILE = "macOS (App)/Info.plist";
				INFOPLIST_KEY_CFBundleDisplayName = "TUfast-safari";
				INFOPLIST_KEY_NSMainStoryboardFile = Main;
				INFOPLIST_KEY_NSPrincipalClass = NSApplication;
				LD_RUNPATH_SEARCH_PATHS = (
					"$(inherited)",
					"@executable_path/../Frameworks",
				);
				MACOSX_DEPLOYMENT_TARGET = 10.14;
				MARKETING_VERSION = 1.0;
				OTHER_LDFLAGS = (
					"-framework",
					SafariServices,
					"-framework",
					WebKit,
				);
				PRODUCT_BUNDLE_IDENTIFIER = "com.yourCompany.TUfast-safari";
				PRODUCT_NAME = "TUfast-safari";
				SDKROOT = macosx;
				SWIFT_EMIT_LOC_STRINGS = YES;
				SWIFT_VERSION = 5.0;
			};
			name = Release;
		};
/* End XCBuildConfiguration section */

/* Begin XCConfigurationList section */
		F1E1C1382D71DF230003BADE /* Build configuration list for PBXProject "TUfast-safari" */ = {
			isa = XCConfigurationList;
			buildConfigurations = (
				F1E1C1862D71DF240003BADE /* Debug */,
				F1E1C1872D71DF240003BADE /* Release */,
			);
			defaultConfigurationIsVisible = 0;
			defaultConfigurationName = Release;
		};
		F1E1C1882D71DF240003BADE /* Build configuration list for PBXNativeTarget "TUfast-safari Extension (iOS)" */ = {
			isa = XCConfigurationList;
			buildConfigurations = (
				F1E1C1892D71DF240003BADE /* Debug */,
				F1E1C18A2D71DF240003BADE /* Release */,
			);
			defaultConfigurationIsVisible = 0;
			defaultConfigurationName = Release;
		};
		F1E1C18C2D71DF240003BADE /* Build configuration list for PBXNativeTarget "TUfast-safari (iOS)" */ = {
			isa = XCConfigurationList;
			buildConfigurations = (
				F1E1C18D2D71DF240003BADE /* Debug */,
				F1E1C18E2D71DF240003BADE /* Release */,
			);
			defaultConfigurationIsVisible = 0;
			defaultConfigurationName = Release;
		};
		F1E1C18F2D71DF240003BADE /* Build configuration list for PBXNativeTarget "TUfast-safari Extension (macOS)" */ = {
			isa = XCConfigurationList;
			buildConfigurations = (
				F1E1C1902D71DF240003BADE /* Debug */,
				F1E1C1912D71DF240003BADE /* Release */,
			);
			defaultConfigurationIsVisible = 0;
			defaultConfigurationName = Release;
		};
		F1E1C1932D71DF240003BADE /* Build configuration list for PBXNativeTarget "TUfast-safari (macOS)" */ = {
			isa = XCConfigurationList;
			buildConfigurations = (
				F1E1C1942D71DF240003BADE /* Debug */,
				F1E1C1952D71DF240003BADE /* Release */,
			);
			defaultConfigurationIsVisible = 0;
			defaultConfigurationName = Release;
		};
/* End XCConfigurationList section */
	};
	rootObject = F1E1C1352D71DF230003BADE /* Project object */;
}
